// !$*UTF8*$!
{
	archiveVersion = 1;
	classes = {
	};
	objectVersion = 55;
	objects = {

/* Begin PBXBuildFile section */
		2419503A2156FF7B16D09283 /* Pods_Parstagram_ParstagramUITests.framework in Frameworks */ = {isa = PBXBuildFile; fileRef = F452DD7BD6EFFCD5D08649B3 /* Pods_Parstagram_ParstagramUITests.framework */; };
		3A0DF67FFF2C669ABBA8BE1D /* Pods_Parstagram.framework in Frameworks */ = {isa = PBXBuildFile; fileRef = 8D9DD7661151CC074BAD8604 /* Pods_Parstagram.framework */; };
		75370715420DFB5A1A045BC1 /* Pods_ParstagramTests.framework in Frameworks */ = {isa = PBXBuildFile; fileRef = 485B659F4DFA82E5C0E50DC9 /* Pods_ParstagramTests.framework */; };
		768CDAE927F801A000987B83 /* CommentCell.swift in Sources */ = {isa = PBXBuildFile; fileRef = 768CDAE827F801A000987B83 /* CommentCell.swift */; };
		76BC07BB27EE5EDB00134772 /* AppDelegate.swift in Sources */ = {isa = PBXBuildFile; fileRef = 76BC07BA27EE5EDB00134772 /* AppDelegate.swift */; };
		76BC07BD27EE5EDB00134772 /* SceneDelegate.swift in Sources */ = {isa = PBXBuildFile; fileRef = 76BC07BC27EE5EDB00134772 /* SceneDelegate.swift */; };
		76BC07C227EE5EDC00134772 /* Main.storyboard in Resources */ = {isa = PBXBuildFile; fileRef = 76BC07C027EE5EDC00134772 /* Main.storyboard */; };
		76BC07C427EE5EDD00134772 /* Assets.xcassets in Resources */ = {isa = PBXBuildFile; fileRef = 76BC07C327EE5EDD00134772 /* Assets.xcassets */; };
		76BC07C727EE5EDD00134772 /* LaunchScreen.storyboard in Resources */ = {isa = PBXBuildFile; fileRef = 76BC07C527EE5EDD00134772 /* LaunchScreen.storyboard */; };
		76BC07D227EE5EDE00134772 /* ParstagramTests.swift in Sources */ = {isa = PBXBuildFile; fileRef = 76BC07D127EE5EDE00134772 /* ParstagramTests.swift */; };
		76BC07DC27EE5EDE00134772 /* ParstagramUITests.swift in Sources */ = {isa = PBXBuildFile; fileRef = 76BC07DB27EE5EDE00134772 /* ParstagramUITests.swift */; };
		76BC07DE27EE5EDE00134772 /* ParstagramUITestsLaunchTests.swift in Sources */ = {isa = PBXBuildFile; fileRef = 76BC07DD27EE5EDE00134772 /* ParstagramUITestsLaunchTests.swift */; };
		76BC07EB27EE808200134772 /* LoginViewController.swift in Sources */ = {isa = PBXBuildFile; fileRef = 76BC07EA27EE808200134772 /* LoginViewController.swift */; };
		76BC07ED27EE809D00134772 /* FeedViewController.swift in Sources */ = {isa = PBXBuildFile; fileRef = 76BC07EC27EE809D00134772 /* FeedViewController.swift */; };
		76BC07EF27EEA34E00134772 /* CameraViewController.swift in Sources */ = {isa = PBXBuildFile; fileRef = 76BC07EE27EEA34E00134772 /* CameraViewController.swift */; };
		76BC07F127EEB6C100134772 /* PostCell.swift in Sources */ = {isa = PBXBuildFile; fileRef = 76BC07F027EEB6C100134772 /* PostCell.swift */; };
/* End PBXBuildFile section */

/* Begin PBXContainerItemProxy section */
		76BC07CE27EE5EDE00134772 /* PBXContainerItemProxy */ = {
			isa = PBXContainerItemProxy;
			containerPortal = 76BC07AF27EE5EDB00134772 /* Project object */;
			proxyType = 1;
			remoteGlobalIDString = 76BC07B627EE5EDB00134772;
			remoteInfo = Parstagram;
		};
		76BC07D827EE5EDE00134772 /* PBXContainerItemProxy */ = {
			isa = PBXContainerItemProxy;
			containerPortal = 76BC07AF27EE5EDB00134772 /* Project object */;
			proxyType = 1;
			remoteGlobalIDString = 76BC07B627EE5EDB00134772;
			remoteInfo = Parstagram;
		};
/* End PBXContainerItemProxy section */

/* Begin PBXFileReference section */
		208258B22DF1070EABD41EA5 /* Pods-ParstagramTests.release.xcconfig */ = {isa = PBXFileReference; includeInIndex = 1; lastKnownFileType = text.xcconfig; name = "Pods-ParstagramTests.release.xcconfig"; path = "Target Support Files/Pods-ParstagramTests/Pods-ParstagramTests.release.xcconfig"; sourceTree = "<group>"; };
		485B659F4DFA82E5C0E50DC9 /* Pods_ParstagramTests.framework */ = {isa = PBXFileReference; explicitFileType = wrapper.framework; includeInIndex = 0; path = Pods_ParstagramTests.framework; sourceTree = BUILT_PRODUCTS_DIR; };
		768CDAE827F801A000987B83 /* CommentCell.swift */ = {isa = PBXFileReference; lastKnownFileType = sourcecode.swift; path = CommentCell.swift; sourceTree = "<group>"; };
		76BC07B727EE5EDB00134772 /* Parstagram.app */ = {isa = PBXFileReference; explicitFileType = wrapper.application; includeInIndex = 0; path = Parstagram.app; sourceTree = BUILT_PRODUCTS_DIR; };
		76BC07BA27EE5EDB00134772 /* AppDelegate.swift */ = {isa = PBXFileReference; lastKnownFileType = sourcecode.swift; path = AppDelegate.swift; sourceTree = "<group>"; };
		76BC07BC27EE5EDB00134772 /* SceneDelegate.swift */ = {isa = PBXFileReference; lastKnownFileType = sourcecode.swift; path = SceneDelegate.swift; sourceTree = "<group>"; };
		76BC07C127EE5EDC00134772 /* Base */ = {isa = PBXFileReference; lastKnownFileType = file.storyboard; name = Base; path = Base.lproj/Main.storyboard; sourceTree = "<group>"; };
		76BC07C327EE5EDD00134772 /* Assets.xcassets */ = {isa = PBXFileReference; lastKnownFileType = folder.assetcatalog; path = Assets.xcassets; sourceTree = "<group>"; };
		76BC07C627EE5EDD00134772 /* Base */ = {isa = PBXFileReference; lastKnownFileType = file.storyboard; name = Base; path = Base.lproj/LaunchScreen.storyboard; sourceTree = "<group>"; };
		76BC07C827EE5EDD00134772 /* Info.plist */ = {isa = PBXFileReference; lastKnownFileType = text.plist.xml; path = Info.plist; sourceTree = "<group>"; };
		76BC07CD27EE5EDE00134772 /* ParstagramTests.xctest */ = {isa = PBXFileReference; explicitFileType = wrapper.cfbundle; includeInIndex = 0; path = ParstagramTests.xctest; sourceTree = BUILT_PRODUCTS_DIR; };
		76BC07D127EE5EDE00134772 /* ParstagramTests.swift */ = {isa = PBXFileReference; lastKnownFileType = sourcecode.swift; path = ParstagramTests.swift; sourceTree = "<group>"; };
		76BC07D727EE5EDE00134772 /* ParstagramUITests.xctest */ = {isa = PBXFileReference; explicitFileType = wrapper.cfbundle; includeInIndex = 0; path = ParstagramUITests.xctest; sourceTree = BUILT_PRODUCTS_DIR; };
		76BC07DB27EE5EDE00134772 /* ParstagramUITests.swift */ = {isa = PBXFileReference; lastKnownFileType = sourcecode.swift; path = ParstagramUITests.swift; sourceTree = "<group>"; };
		76BC07DD27EE5EDE00134772 /* ParstagramUITestsLaunchTests.swift */ = {isa = PBXFileReference; lastKnownFileType = sourcecode.swift; path = ParstagramUITestsLaunchTests.swift; sourceTree = "<group>"; };
		76BC07EA27EE808200134772 /* LoginViewController.swift */ = {isa = PBXFileReference; lastKnownFileType = sourcecode.swift; path = LoginViewController.swift; sourceTree = "<group>"; };
		76BC07EC27EE809D00134772 /* FeedViewController.swift */ = {isa = PBXFileReference; lastKnownFileType = sourcecode.swift; path = FeedViewController.swift; sourceTree = "<group>"; };
		76BC07EE27EEA34E00134772 /* CameraViewController.swift */ = {isa = PBXFileReference; lastKnownFileType = sourcecode.swift; path = CameraViewController.swift; sourceTree = "<group>"; };
		76BC07F027EEB6C100134772 /* PostCell.swift */ = {isa = PBXFileReference; lastKnownFileType = sourcecode.swift; path = PostCell.swift; sourceTree = "<group>"; };
		8D9DD7661151CC074BAD8604 /* Pods_Parstagram.framework */ = {isa = PBXFileReference; explicitFileType = wrapper.framework; includeInIndex = 0; path = Pods_Parstagram.framework; sourceTree = BUILT_PRODUCTS_DIR; };
		B3F4B39CF48786E1B1551938 /* Pods-ParstagramTests.debug.xcconfig */ = {isa = PBXFileReference; includeInIndex = 1; lastKnownFileType = text.xcconfig; name = "Pods-ParstagramTests.debug.xcconfig"; path = "Target Support Files/Pods-ParstagramTests/Pods-ParstagramTests.debug.xcconfig"; sourceTree = "<group>"; };
		C48D30935CFA1275044D32F7 /* Pods-Parstagram-ParstagramUITests.debug.xcconfig */ = {isa = PBXFileReference; includeInIndex = 1; lastKnownFileType = text.xcconfig; name = "Pods-Parstagram-ParstagramUITests.debug.xcconfig"; path = "Target Support Files/Pods-Parstagram-ParstagramUITests/Pods-Parstagram-ParstagramUITests.debug.xcconfig"; sourceTree = "<group>"; };
		E3C17BE818B5E51FFA11694C /* Pods-Parstagram-ParstagramUITests.release.xcconfig */ = {isa = PBXFileReference; includeInIndex = 1; lastKnownFileType = text.xcconfig; name = "Pods-Parstagram-ParstagramUITests.release.xcconfig"; path = "Target Support Files/Pods-Parstagram-ParstagramUITests/Pods-Parstagram-ParstagramUITests.release.xcconfig"; sourceTree = "<group>"; };
		E91D04B225E94106F3911202 /* Pods-Parstagram.debug.xcconfig */ = {isa = PBXFileReference; includeInIndex = 1; lastKnownFileType = text.xcconfig; name = "Pods-Parstagram.debug.xcconfig"; path = "Target Support Files/Pods-Parstagram/Pods-Parstagram.debug.xcconfig"; sourceTree = "<group>"; };
		F452DD7BD6EFFCD5D08649B3 /* Pods_Parstagram_ParstagramUITests.framework */ = {isa = PBXFileReference; explicitFileType = wrapper.framework; includeInIndex = 0; path = Pods_Parstagram_ParstagramUITests.framework; sourceTree = BUILT_PRODUCTS_DIR; };
		F5FCEC3E45DD16C940B5BF2C /* Pods-Parstagram.release.xcconfig */ = {isa = PBXFileReference; includeInIndex = 1; lastKnownFileType = text.xcconfig; name = "Pods-Parstagram.release.xcconfig"; path = "Target Support Files/Pods-Parstagram/Pods-Parstagram.release.xcconfig"; sourceTree = "<group>"; };
/* End PBXFileReference section */

/* Begin PBXFrameworksBuildPhase section */
		76BC07B427EE5EDB00134772 /* Frameworks */ = {
			isa = PBXFrameworksBuildPhase;
			buildActionMask = 2147483647;
			files = (
				3A0DF67FFF2C669ABBA8BE1D /* Pods_Parstagram.framework in Frameworks */,
			);
			runOnlyForDeploymentPostprocessing = 0;
		};
		76BC07CA27EE5EDE00134772 /* Frameworks */ = {
			isa = PBXFrameworksBuildPhase;
			buildActionMask = 2147483647;
			files = (
				75370715420DFB5A1A045BC1 /* Pods_ParstagramTests.framework in Frameworks */,
			);
			runOnlyForDeploymentPostprocessing = 0;
		};
		76BC07D427EE5EDE00134772 /* Frameworks */ = {
			isa = PBXFrameworksBuildPhase;
			buildActionMask = 2147483647;
			files = (
				2419503A2156FF7B16D09283 /* Pods_Parstagram_ParstagramUITests.framework in Frameworks */,
			);
			runOnlyForDeploymentPostprocessing = 0;
		};
/* End PBXFrameworksBuildPhase section */

/* Begin PBXGroup section */
		76BC07AE27EE5EDB00134772 = {
			isa = PBXGroup;
			children = (
				76BC07B927EE5EDB00134772 /* Parstagram */,
				76BC07D027EE5EDE00134772 /* ParstagramTests */,
				76BC07DA27EE5EDE00134772 /* ParstagramUITests */,
				76BC07B827EE5EDB00134772 /* Products */,
				D8A371FA3779320209537FB7 /* Pods */,
				D620B9AF331024421570D6CE /* Frameworks */,
			);
			sourceTree = "<group>";
		};
		76BC07B827EE5EDB00134772 /* Products */ = {
			isa = PBXGroup;
			children = (
				76BC07B727EE5EDB00134772 /* Parstagram.app */,
				76BC07CD27EE5EDE00134772 /* ParstagramTests.xctest */,
				76BC07D727EE5EDE00134772 /* ParstagramUITests.xctest */,
			);
			name = Products;
			sourceTree = "<group>";
		};
		76BC07B927EE5EDB00134772 /* Parstagram */ = {
			isa = PBXGroup;
			children = (
				76BC07BA27EE5EDB00134772 /* AppDelegate.swift */,
				76BC07BC27EE5EDB00134772 /* SceneDelegate.swift */,
				76BC07C027EE5EDC00134772 /* Main.storyboard */,
				76BC07C327EE5EDD00134772 /* Assets.xcassets */,
				76BC07C527EE5EDD00134772 /* LaunchScreen.storyboard */,
				76BC07C827EE5EDD00134772 /* Info.plist */,
				76BC07EA27EE808200134772 /* LoginViewController.swift */,
				76BC07EC27EE809D00134772 /* FeedViewController.swift */,
				76BC07EE27EEA34E00134772 /* CameraViewController.swift */,
				76BC07F027EEB6C100134772 /* PostCell.swift */,
				768CDAE827F801A000987B83 /* CommentCell.swift */,
			);
			path = Parstagram;
			sourceTree = "<group>";
		};
		76BC07D027EE5EDE00134772 /* ParstagramTests */ = {
			isa = PBXGroup;
			children = (
				76BC07D127EE5EDE00134772 /* ParstagramTests.swift */,
			);
			path = ParstagramTests;
			sourceTree = "<group>";
		};
		76BC07DA27EE5EDE00134772 /* ParstagramUITests */ = {
			isa = PBXGroup;
			children = (
				76BC07DB27EE5EDE00134772 /* ParstagramUITests.swift */,
				76BC07DD27EE5EDE00134772 /* ParstagramUITestsLaunchTests.swift */,
			);
			path = ParstagramUITests;
			sourceTree = "<group>";
		};
		D620B9AF331024421570D6CE /* Frameworks */ = {
			isa = PBXGroup;
			children = (
				8D9DD7661151CC074BAD8604 /* Pods_Parstagram.framework */,
				F452DD7BD6EFFCD5D08649B3 /* Pods_Parstagram_ParstagramUITests.framework */,
				485B659F4DFA82E5C0E50DC9 /* Pods_ParstagramTests.framework */,
			);
			name = Frameworks;
			sourceTree = "<group>";
		};
		D8A371FA3779320209537FB7 /* Pods */ = {
			isa = PBXGroup;
			children = (
				E91D04B225E94106F3911202 /* Pods-Parstagram.debug.xcconfig */,
				F5FCEC3E45DD16C940B5BF2C /* Pods-Parstagram.release.xcconfig */,
				C48D30935CFA1275044D32F7 /* Pods-Parstagram-ParstagramUITests.debug.xcconfig */,
				E3C17BE818B5E51FFA11694C /* Pods-Parstagram-ParstagramUITests.release.xcconfig */,
				B3F4B39CF48786E1B1551938 /* Pods-ParstagramTests.debug.xcconfig */,
				208258B22DF1070EABD41EA5 /* Pods-ParstagramTests.release.xcconfig */,
			);
			path = Pods;
			sourceTree = "<group>";
		};
/* End PBXGroup section */

/* Begin PBXNativeTarget section */
		76BC07B627EE5EDB00134772 /* Parstagram */ = {
			isa = PBXNativeTarget;
			buildConfigurationList = 76BC07E127EE5EDE00134772 /* Build configuration list for PBXNativeTarget "Parstagram" */;
			buildPhases = (
				2683AA87F3FE2D24B82630C6 /* [CP] Check Pods Manifest.lock */,
				76BC07B327EE5EDB00134772 /* Sources */,
				76BC07B427EE5EDB00134772 /* Frameworks */,
				76BC07B527EE5EDB00134772 /* Resources */,
				C8FD638AB5080F799A897833 /* [CP] Embed Pods Frameworks */,
			);
			buildRules = (
			);
			dependencies = (
			);
			name = Parstagram;
			productName = Parstagram;
			productReference = 76BC07B727EE5EDB00134772 /* Parstagram.app */;
			productType = "com.apple.product-type.application";
		};
		76BC07CC27EE5EDE00134772 /* ParstagramTests */ = {
			isa = PBXNativeTarget;
			buildConfigurationList = 76BC07E427EE5EDE00134772 /* Build configuration list for PBXNativeTarget "ParstagramTests" */;
			buildPhases = (
				4143E15B56CDEAEC5C51F079 /* [CP] Check Pods Manifest.lock */,
				76BC07C927EE5EDE00134772 /* Sources */,
				76BC07CA27EE5EDE00134772 /* Frameworks */,
				76BC07CB27EE5EDE00134772 /* Resources */,
			);
			buildRules = (
			);
			dependencies = (
				76BC07CF27EE5EDE00134772 /* PBXTargetDependency */,
			);
			name = ParstagramTests;
			productName = ParstagramTests;
			productReference = 76BC07CD27EE5EDE00134772 /* ParstagramTests.xctest */;
			productType = "com.apple.product-type.bundle.unit-test";
		};
		76BC07D627EE5EDE00134772 /* ParstagramUITests */ = {
			isa = PBXNativeTarget;
			buildConfigurationList = 76BC07E727EE5EDE00134772 /* Build configuration list for PBXNativeTarget "ParstagramUITests" */;
			buildPhases = (
				DF2E9FF93F2B14AAC59C9D3E /* [CP] Check Pods Manifest.lock */,
				76BC07D327EE5EDE00134772 /* Sources */,
				76BC07D427EE5EDE00134772 /* Frameworks */,
				76BC07D527EE5EDE00134772 /* Resources */,
				8690EC2BF9D1D1490CA53747 /* [CP] Embed Pods Frameworks */,
			);
			buildRules = (
			);
			dependencies = (
				76BC07D927EE5EDE00134772 /* PBXTargetDependency */,
			);
			name = ParstagramUITests;
			productName = ParstagramUITests;
			productReference = 76BC07D727EE5EDE00134772 /* ParstagramUITests.xctest */;
			productType = "com.apple.product-type.bundle.ui-testing";
		};
/* End PBXNativeTarget section */

/* Begin PBXProject section */
		76BC07AF27EE5EDB00134772 /* Project object */ = {
			isa = PBXProject;
			attributes = {
				BuildIndependentTargetsInParallel = 1;
				LastSwiftUpdateCheck = 1330;
				LastUpgradeCheck = 1330;
				TargetAttributes = {
					76BC07B627EE5EDB00134772 = {
						CreatedOnToolsVersion = 13.3;
					};
					76BC07CC27EE5EDE00134772 = {
						CreatedOnToolsVersion = 13.3;
						TestTargetID = 76BC07B627EE5EDB00134772;
					};
					76BC07D627EE5EDE00134772 = {
						CreatedOnToolsVersion = 13.3;
						TestTargetID = 76BC07B627EE5EDB00134772;
					};
				};
			};
			buildConfigurationList = 76BC07B227EE5EDB00134772 /* Build configuration list for PBXProject "Parstagram" */;
			compatibilityVersion = "Xcode 13.0";
			developmentRegion = en;
			hasScannedForEncodings = 0;
			knownRegions = (
				en,
				Base,
			);
			mainGroup = 76BC07AE27EE5EDB00134772;
			productRefGroup = 76BC07B827EE5EDB00134772 /* Products */;
			projectDirPath = "";
			projectRoot = "";
			targets = (
				76BC07B627EE5EDB00134772 /* Parstagram */,
				76BC07CC27EE5EDE00134772 /* ParstagramTests */,
				76BC07D627EE5EDE00134772 /* ParstagramUITests */,
			);
		};
/* End PBXProject section */

/* Begin PBXResourcesBuildPhase section */
		76BC07B527EE5EDB00134772 /* Resources */ = {
			isa = PBXResourcesBuildPhase;
			buildActionMask = 2147483647;
			files = (
				76BC07C727EE5EDD00134772 /* LaunchScreen.storyboard in Resources */,
				76BC07C427EE5EDD00134772 /* Assets.xcassets in Resources */,
				76BC07C227EE5EDC00134772 /* Main.storyboard in Resources */,
			);
			runOnlyForDeploymentPostprocessing = 0;
		};
		76BC07CB27EE5EDE00134772 /* Resources */ = {
			isa = PBXResourcesBuildPhase;
			buildActionMask = 2147483647;
			files = (
			);
			runOnlyForDeploymentPostprocessing = 0;
		};
		76BC07D527EE5EDE00134772 /* Resources */ = {
			isa = PBXResourcesBuildPhase;
			buildActionMask = 2147483647;
			files = (
			);
			runOnlyForDeploymentPostprocessing = 0;
		};
/* End PBXResourcesBuildPhase section */

/* Begin PBXShellScriptBuildPhase section */
		2683AA87F3FE2D24B82630C6 /* [CP] Check Pods Manifest.lock */ = {
			isa = PBXShellScriptBuildPhase;
			buildActionMask = 2147483647;
			files = (
			);
			inputFileListPaths = (
			);
			inputPaths = (
				"${PODS_PODFILE_DIR_PATH}/Podfile.lock",
				"${PODS_ROOT}/Manifest.lock",
			);
			name = "[CP] Check Pods Manifest.lock";
			outputFileListPaths = (
			);
			outputPaths = (
				"$(DERIVED_FILE_DIR)/Pods-Parstagram-checkManifestLockResult.txt",
			);
			runOnlyForDeploymentPostprocessing = 0;
			shellPath = /bin/sh;
			shellScript = "diff \"${PODS_PODFILE_DIR_PATH}/Podfile.lock\" \"${PODS_ROOT}/Manifest.lock\" > /dev/null\nif [ $? != 0 ] ; then\n    # print error to STDERR\n    echo \"error: The sandbox is not in sync with the Podfile.lock. Run 'pod install' or update your CocoaPods installation.\" >&2\n    exit 1\nfi\n# This output is used by Xcode 'outputs' to avoid re-running this script phase.\necho \"SUCCESS\" > \"${SCRIPT_OUTPUT_FILE_0}\"\n";
			showEnvVarsInLog = 0;
		};
		4143E15B56CDEAEC5C51F079 /* [CP] Check Pods Manifest.lock */ = {
			isa = PBXShellScriptBuildPhase;
			buildActionMask = 2147483647;
			files = (
			);
			inputFileListPaths = (
			);
			inputPaths = (
				"${PODS_PODFILE_DIR_PATH}/Podfile.lock",
				"${PODS_ROOT}/Manifest.lock",
			);
			name = "[CP] Check Pods Manifest.lock";
			outputFileListPaths = (
			);
			outputPaths = (
				"$(DERIVED_FILE_DIR)/Pods-ParstagramTests-checkManifestLockResult.txt",
			);
			runOnlyForDeploymentPostprocessing = 0;
			shellPath = /bin/sh;
			shellScript = "diff \"${PODS_PODFILE_DIR_PATH}/Podfile.lock\" \"${PODS_ROOT}/Manifest.lock\" > /dev/null\nif [ $? != 0 ] ; then\n    # print error to STDERR\n    echo \"error: The sandbox is not in sync with the Podfile.lock. Run 'pod install' or update your CocoaPods installation.\" >&2\n    exit 1\nfi\n# This output is used by Xcode 'outputs' to avoid re-running this script phase.\necho \"SUCCESS\" > \"${SCRIPT_OUTPUT_FILE_0}\"\n";
			showEnvVarsInLog = 0;
		};
		8690EC2BF9D1D1490CA53747 /* [CP] Embed Pods Frameworks */ = {
			isa = PBXShellScriptBuildPhase;
			buildActionMask = 2147483647;
			files = (
			);
			inputFileListPaths = (
				"${PODS_ROOT}/Target Support Files/Pods-Parstagram-ParstagramUITests/Pods-Parstagram-ParstagramUITests-frameworks-${CONFIGURATION}-input-files.xcfilelist",
			);
			name = "[CP] Embed Pods Frameworks";
			outputFileListPaths = (
				"${PODS_ROOT}/Target Support Files/Pods-Parstagram-ParstagramUITests/Pods-Parstagram-ParstagramUITests-frameworks-${CONFIGURATION}-output-files.xcfilelist",
			);
			runOnlyForDeploymentPostprocessing = 0;
			shellPath = /bin/sh;
			shellScript = "\"${PODS_ROOT}/Target Support Files/Pods-Parstagram-ParstagramUITests/Pods-Parstagram-ParstagramUITests-frameworks.sh\"\n";
			showEnvVarsInLog = 0;
		};
		C8FD638AB5080F799A897833 /* [CP] Embed Pods Frameworks */ = {
			isa = PBXShellScriptBuildPhase;
			buildActionMask = 2147483647;
			files = (
			);
			inputFileListPaths = (
				"${PODS_ROOT}/Target Support Files/Pods-Parstagram/Pods-Parstagram-frameworks-${CONFIGURATION}-input-files.xcfilelist",
			);
			name = "[CP] Embed Pods Frameworks";
			outputFileListPaths = (
				"${PODS_ROOT}/Target Support Files/Pods-Parstagram/Pods-Parstagram-frameworks-${CONFIGURATION}-output-files.xcfilelist",
			);
			runOnlyForDeploymentPostprocessing = 0;
			shellPath = /bin/sh;
			shellScript = "\"${PODS_ROOT}/Target Support Files/Pods-Parstagram/Pods-Parstagram-frameworks.sh\"\n";
			showEnvVarsInLog = 0;
		};
		DF2E9FF93F2B14AAC59C9D3E /* [CP] Check Pods Manifest.lock */ = {
			isa = PBXShellScriptBuildPhase;
			buildActionMask = 2147483647;
			files = (
			);
			inputFileListPaths = (
			);
			inputPaths = (
				"${PODS_PODFILE_DIR_PATH}/Podfile.lock",
				"${PODS_ROOT}/Manifest.lock",
			);
			name = "[CP] Check Pods Manifest.lock";
			outputFileListPaths = (
			);
			outputPaths = (
				"$(DERIVED_FILE_DIR)/Pods-Parstagram-ParstagramUITests-checkManifestLockResult.txt",
			);
			runOnlyForDeploymentPostprocessing = 0;
			shellPath = /bin/sh;
			shellScript = "diff \"${PODS_PODFILE_DIR_PATH}/Podfile.lock\" \"${PODS_ROOT}/Manifest.lock\" > /dev/null\nif [ $? != 0 ] ; then\n    # print error to STDERR\n    echo \"error: The sandbox is not in sync with the Podfile.lock. Run 'pod install' or update your CocoaPods installation.\" >&2\n    exit 1\nfi\n# This output is used by Xcode 'outputs' to avoid re-running this script phase.\necho \"SUCCESS\" > \"${SCRIPT_OUTPUT_FILE_0}\"\n";
			showEnvVarsInLog = 0;
		};
/* End PBXShellScriptBuildPhase section */

/* Begin PBXSourcesBuildPhase section */
		76BC07B327EE5EDB00134772 /* Sources */ = {
			isa = PBXSourcesBuildPhase;
			buildActionMask = 2147483647;
			files = (
				76BC07EB27EE808200134772 /* LoginViewController.swift in Sources */,
				76BC07EF27EEA34E00134772 /* CameraViewController.swift in Sources */,
				76BC07BB27EE5EDB00134772 /* AppDelegate.swift in Sources */,
				76BC07ED27EE809D00134772 /* FeedViewController.swift in Sources */,
				76BC07BD27EE5EDB00134772 /* SceneDelegate.swift in Sources */,
				76BC07F127EEB6C100134772 /* PostCell.swift in Sources */,
				768CDAE927F801A000987B83 /* CommentCell.swift in Sources */,
			);
			runOnlyForDeploymentPostprocessing = 0;
		};
		76BC07C927EE5EDE00134772 /* Sources */ = {
			isa = PBXSourcesBuildPhase;
			buildActionMask = 2147483647;
			files = (
				76BC07D227EE5EDE00134772 /* ParstagramTests.swift in Sources */,
			);
			runOnlyForDeploymentPostprocessing = 0;
		};
		76BC07D327EE5EDE00134772 /* Sources */ = {
			isa = PBXSourcesBuildPhase;
			buildActionMask = 2147483647;
			files = (
				76BC07DE27EE5EDE00134772 /* ParstagramUITestsLaunchTests.swift in Sources */,
				76BC07DC27EE5EDE00134772 /* ParstagramUITests.swift in Sources */,
			);
			runOnlyForDeploymentPostprocessing = 0;
		};
/* End PBXSourcesBuildPhase section */

/* Begin PBXTargetDependency section */
		76BC07CF27EE5EDE00134772 /* PBXTargetDependency */ = {
			isa = PBXTargetDependency;
			target = 76BC07B627EE5EDB00134772 /* Parstagram */;
			targetProxy = 76BC07CE27EE5EDE00134772 /* PBXContainerItemProxy */;
		};
		76BC07D927EE5EDE00134772 /* PBXTargetDependency */ = {
			isa = PBXTargetDependency;
			target = 76BC07B627EE5EDB00134772 /* Parstagram */;
			targetProxy = 76BC07D827EE5EDE00134772 /* PBXContainerItemProxy */;
		};
/* End PBXTargetDependency section */

/* Begin PBXVariantGroup section */
		76BC07C027EE5EDC00134772 /* Main.storyboard */ = {
			isa = PBXVariantGroup;
			children = (
				76BC07C127EE5EDC00134772 /* Base */,
			);
			name = Main.storyboard;
			sourceTree = "<group>";
		};
		76BC07C527EE5EDD00134772 /* LaunchScreen.storyboard */ = {
			isa = PBXVariantGroup;
			children = (
				76BC07C627EE5EDD00134772 /* Base */,
			);
			name = LaunchScreen.storyboard;
			sourceTree = "<group>";
		};
/* End PBXVariantGroup section */

/* Begin XCBuildConfiguration section */
		76BC07DF27EE5EDE00134772 /* Debug */ = {
			isa = XCBuildConfiguration;
			buildSettings = {
				ALWAYS_SEARCH_USER_PATHS = NO;
				CLANG_ANALYZER_NONNULL = YES;
				CLANG_ANALYZER_NUMBER_OBJECT_CONVERSION = YES_AGGRESSIVE;
				CLANG_CXX_LANGUAGE_STANDARD = "gnu++17";
				CLANG_ENABLE_MODULES = YES;
				CLANG_ENABLE_OBJC_ARC = YES;
				CLANG_ENABLE_OBJC_WEAK = YES;
				CLANG_WARN_BLOCK_CAPTURE_AUTORELEASING = YES;
				CLANG_WARN_BOOL_CONVERSION = YES;
				CLANG_WARN_COMMA = YES;
				CLANG_WARN_CONSTANT_CONVERSION = YES;
				CLANG_WARN_DEPRECATED_OBJC_IMPLEMENTATIONS = YES;
				CLANG_WARN_DIRECT_OBJC_ISA_USAGE = YES_ERROR;
				CLANG_WARN_DOCUMENTATION_COMMENTS = YES;
				CLANG_WARN_EMPTY_BODY = YES;
				CLANG_WARN_ENUM_CONVERSION = YES;
				CLANG_WARN_INFINITE_RECURSION = YES;
				CLANG_WARN_INT_CONVERSION = YES;
				CLANG_WARN_NON_LITERAL_NULL_CONVERSION = YES;
				CLANG_WARN_OBJC_IMPLICIT_RETAIN_SELF = YES;
				CLANG_WARN_OBJC_LITERAL_CONVERSION = YES;
				CLANG_WARN_OBJC_ROOT_CLASS = YES_ERROR;
				CLANG_WARN_QUOTED_INCLUDE_IN_FRAMEWORK_HEADER = YES;
				CLANG_WARN_RANGE_LOOP_ANALYSIS = YES;
				CLANG_WARN_STRICT_PROTOTYPES = YES;
				CLANG_WARN_SUSPICIOUS_MOVE = YES;
				CLANG_WARN_UNGUARDED_AVAILABILITY = YES_AGGRESSIVE;
				CLANG_WARN_UNREACHABLE_CODE = YES;
				CLANG_WARN__DUPLICATE_METHOD_MATCH = YES;
				COPY_PHASE_STRIP = NO;
				DEBUG_INFORMATION_FORMAT = dwarf;
				ENABLE_STRICT_OBJC_MSGSEND = YES;
				ENABLE_TESTABILITY = YES;
				GCC_C_LANGUAGE_STANDARD = gnu11;
				GCC_DYNAMIC_NO_PIC = NO;
				GCC_NO_COMMON_BLOCKS = YES;
				GCC_OPTIMIZATION_LEVEL = 0;
				GCC_PREPROCESSOR_DEFINITIONS = (
					"DEBUG=1",
					"$(inherited)",
				);
				GCC_WARN_64_TO_32_BIT_CONVERSION = YES;
				GCC_WARN_ABOUT_RETURN_TYPE = YES_ERROR;
				GCC_WARN_UNDECLARED_SELECTOR = YES;
				GCC_WARN_UNINITIALIZED_AUTOS = YES_AGGRESSIVE;
				GCC_WARN_UNUSED_FUNCTION = YES;
				GCC_WARN_UNUSED_VARIABLE = YES;
				IPHONEOS_DEPLOYMENT_TARGET = 15.4;
				MTL_ENABLE_DEBUG_INFO = INCLUDE_SOURCE;
				MTL_FAST_MATH = YES;
				ONLY_ACTIVE_ARCH = YES;
				SDKROOT = iphoneos;
				SWIFT_ACTIVE_COMPILATION_CONDITIONS = DEBUG;
				SWIFT_OPTIMIZATION_LEVEL = "-Onone";
			};
			name = Debug;
		};
		76BC07E027EE5EDE00134772 /* Release */ = {
			isa = XCBuildConfiguration;
			buildSettings = {
				ALWAYS_SEARCH_USER_PATHS = NO;
				CLANG_ANALYZER_NONNULL = YES;
				CLANG_ANALYZER_NUMBER_OBJECT_CONVERSION = YES_AGGRESSIVE;
				CLANG_CXX_LANGUAGE_STANDARD = "gnu++17";
				CLANG_ENABLE_MODULES = YES;
				CLANG_ENABLE_OBJC_ARC = YES;
				CLANG_ENABLE_OBJC_WEAK = YES;
				CLANG_WARN_BLOCK_CAPTURE_AUTORELEASING = YES;
				CLANG_WARN_BOOL_CONVERSION = YES;
				CLANG_WARN_COMMA = YES;
				CLANG_WARN_CONSTANT_CONVERSION = YES;
				CLANG_WARN_DEPRECATED_OBJC_IMPLEMENTATIONS = YES;
				CLANG_WARN_DIRECT_OBJC_ISA_USAGE = YES_ERROR;
				CLANG_WARN_DOCUMENTATION_COMMENTS = YES;
				CLANG_WARN_EMPTY_BODY = YES;
				CLANG_WARN_ENUM_CONVERSION = YES;
				CLANG_WARN_INFINITE_RECURSION = YES;
				CLANG_WARN_INT_CONVERSION = YES;
				CLANG_WARN_NON_LITERAL_NULL_CONVERSION = YES;
				CLANG_WARN_OBJC_IMPLICIT_RETAIN_SELF = YES;
				CLANG_WARN_OBJC_LITERAL_CONVERSION = YES;
				CLANG_WARN_OBJC_ROOT_CLASS = YES_ERROR;
				CLANG_WARN_QUOTED_INCLUDE_IN_FRAMEWORK_HEADER = YES;
				CLANG_WARN_RANGE_LOOP_ANALYSIS = YES;
				CLANG_WARN_STRICT_PROTOTYPES = YES;
				CLANG_WARN_SUSPICIOUS_MOVE = YES;
				CLANG_WARN_UNGUARDED_AVAILABILITY = YES_AGGRESSIVE;
				CLANG_WARN_UNREACHABLE_CODE = YES;
				CLANG_WARN__DUPLICATE_METHOD_MATCH = YES;
				COPY_PHASE_STRIP = NO;
				DEBUG_INFORMATION_FORMAT = "dwarf-with-dsym";
				ENABLE_NS_ASSERTIONS = NO;
				ENABLE_STRICT_OBJC_MSGSEND = YES;
				GCC_C_LANGUAGE_STANDARD = gnu11;
				GCC_NO_COMMON_BLOCKS = YES;
				GCC_WARN_64_TO_32_BIT_CONVERSION = YES;
				GCC_WARN_ABOUT_RETURN_TYPE = YES_ERROR;
				GCC_WARN_UNDECLARED_SELECTOR = YES;
				GCC_WARN_UNINITIALIZED_AUTOS = YES_AGGRESSIVE;
				GCC_WARN_UNUSED_FUNCTION = YES;
				GCC_WARN_UNUSED_VARIABLE = YES;
				IPHONEOS_DEPLOYMENT_TARGET = 15.4;
				MTL_ENABLE_DEBUG_INFO = NO;
				MTL_FAST_MATH = YES;
				SDKROOT = iphoneos;
				SWIFT_COMPILATION_MODE = wholemodule;
				SWIFT_OPTIMIZATION_LEVEL = "-O";
				VALIDATE_PRODUCT = YES;
			};
			name = Release;
		};
		76BC07E227EE5EDE00134772 /* Debug */ = {
			isa = XCBuildConfiguration;
			baseConfigurationReference = E91D04B225E94106F3911202 /* Pods-Parstagram.debug.xcconfig */;
			buildSettings = {
				ASSETCATALOG_COMPILER_APPICON_NAME = AppIcon;
				ASSETCATALOG_COMPILER_GLOBAL_ACCENT_COLOR_NAME = AccentColor;
				CODE_SIGN_STYLE = Automatic;
				CURRENT_PROJECT_VERSION = 1;
				DEVELOPMENT_TEAM = 78N5SA532X;
				GENERATE_INFOPLIST_FILE = YES;
				INFOPLIST_FILE = Parstagram/Info.plist;
				INFOPLIST_KEY_UIApplicationSupportsIndirectInputEvents = YES;
				INFOPLIST_KEY_UILaunchStoryboardName = LaunchScreen;
				INFOPLIST_KEY_UIMainStoryboardFile = Main;
				INFOPLIST_KEY_UISupportedInterfaceOrientations_iPad = "UIInterfaceOrientationPortrait UIInterfaceOrientationPortraitUpsideDown UIInterfaceOrientationLandscapeLeft UIInterfaceOrientationLandscapeRight";
				INFOPLIST_KEY_UISupportedInterfaceOrientations_iPhone = "UIInterfaceOrientationPortrait UIInterfaceOrientationLandscapeLeft UIInterfaceOrientationLandscapeRight";
				LD_RUNPATH_SEARCH_PATHS = (
					"$(inherited)",
					"@executable_path/Frameworks",
				);
				MARKETING_VERSION = 1.0;
				PRODUCT_BUNDLE_IDENTIFIER = com.peizu.Parstagram;
				PRODUCT_NAME = "$(TARGET_NAME)";
				SWIFT_EMIT_LOC_STRINGS = YES;
				SWIFT_VERSION = 5.0;
				TARGETED_DEVICE_FAMILY = "1,2";
			};
			name = Debug;
		};
		76BC07E327EE5EDE00134772 /* Release */ = {
			isa = XCBuildConfiguration;
			baseConfigurationReference = F5FCEC3E45DD16C940B5BF2C /* Pods-Parstagram.release.xcconfig */;
			buildSettings = {
				ASSETCATALOG_COMPILER_APPICON_NAME = AppIcon;
				ASSETCATALOG_COMPILER_GLOBAL_ACCENT_COLOR_NAME = AccentColor;
				CODE_SIGN_STYLE = Automatic;
				CURRENT_PROJECT_VERSION = 1;
				DEVELOPMENT_TEAM = 78N5SA532X;
				GENERATE_INFOPLIST_FILE = YES;
				INFOPLIST_FILE = Parstagram/Info.plist;
				INFOPLIST_KEY_UIApplicationSupportsIndirectInputEvents = YES;
				INFOPLIST_KEY_UILaunchStoryboardName = LaunchScreen;
				INFOPLIST_KEY_UIMainStoryboardFile = Main;
				INFOPLIST_KEY_UISupportedInterfaceOrientations_iPad = "UIInterfaceOrientationPortrait UIInterfaceOrientationPortraitUpsideDown UIInterfaceOrientationLandscapeLeft UIInterfaceOrientationLandscapeRight";
				INFOPLIST_KEY_UISupportedInterfaceOrientations_iPhone = "UIInterfaceOrientationPortrait UIInterfaceOrientationLandscapeLeft UIInterfaceOrientationLandscapeRight";
				LD_RUNPATH_SEARCH_PATHS = (
					"$(inherited)",
					"@executable_path/Frameworks",
				);
				MARKETING_VERSION = 1.0;
				PRODUCT_BUNDLE_IDENTIFIER = com.peizu.Parstagram;
				PRODUCT_NAME = "$(TARGET_NAME)";
				SWIFT_EMIT_LOC_STRINGS = YES;
				SWIFT_VERSION = 5.0;
				TARGETED_DEVICE_FAMILY = "1,2";
			};
			name = Release;
		};
		76BC07E527EE5EDE00134772 /* Debug */ = {
			isa = XCBuildConfiguration;
			baseConfigurationReference = B3F4B39CF48786E1B1551938 /* Pods-ParstagramTests.debug.xcconfig */;
			buildSettings = {
				ALWAYS_EMBED_SWIFT_STANDARD_LIBRARIES = YES;
				BUNDLE_LOADER = "$(TEST_HOST)";
				CODE_SIGN_STYLE = Automatic;
				CURRENT_PROJECT_VERSION = 1;
				DEVELOPMENT_TEAM = 78N5SA532X;
				GENERATE_INFOPLIST_FILE = YES;
				IPHONEOS_DEPLOYMENT_TARGET = 15.4;
				MARKETING_VERSION = 1.0;
				PRODUCT_BUNDLE_IDENTIFIER = com.peizu.ParstagramTests;
				PRODUCT_NAME = "$(TARGET_NAME)";
				SWIFT_EMIT_LOC_STRINGS = NO;
				SWIFT_VERSION = 5.0;
				TARGETED_DEVICE_FAMILY = "1,2";
				TEST_HOST = "$(BUILT_PRODUCTS_DIR)/Parstagram.app/Parstagram";
			};
			name = Debug;
		};
		76BC07E627EE5EDE00134772 /* Release */ = {
			isa = XCBuildConfiguration;
			baseConfigurationReference = 208258B22DF1070EABD41EA5 /* Pods-ParstagramTests.release.xcconfig */;
			buildSettings = {
				ALWAYS_EMBED_SWIFT_STANDARD_LIBRARIES = YES;
				BUNDLE_LOADER = "$(TEST_HOST)";
				CODE_SIGN_STYLE = Automatic;
				CURRENT_PROJECT_VERSION = 1;
				DEVELOPMENT_TEAM = 78N5SA532X;
				GENERATE_INFOPLIST_FILE = YES;
				IPHONEOS_DEPLOYMENT_TARGET = 15.4;
				MARKETING_VERSION = 1.0;
				PRODUCT_BUNDLE_IDENTIFIER = com.peizu.ParstagramTests;
				PRODUCT_NAME = "$(TARGET_NAME)";
				SWIFT_EMIT_LOC_STRINGS = NO;
				SWIFT_VERSION = 5.0;
				TARGETED_DEVICE_FAMILY = "1,2";
				TEST_HOST = "$(BUILT_PRODUCTS_DIR)/Parstagram.app/Parstagram";
			};
			name = Release;
		};
		76BC07E827EE5EDE00134772 /* Debug */ = {
			isa = XCBuildConfiguration;
			baseConfigurationReference = C48D30935CFA1275044D32F7 /* Pods-Parstagram-ParstagramUITests.debug.xcconfig */;
			buildSettings = {
				ALWAYS_EMBED_SWIFT_STANDARD_LIBRARIES = YES;
				CODE_SIGN_STYLE = Automatic;
				CURRENT_PROJECT_VERSION = 1;
				DEVELOPMENT_TEAM = 78N5SA532X;
				GENERATE_INFOPLIST_FILE = YES;
				MARKETING_VERSION = 1.0;
				PRODUCT_BUNDLE_IDENTIFIER = com.peizu.ParstagramUITests;
				PRODUCT_NAME = "$(TARGET_NAME)";
				SWIFT_EMIT_LOC_STRINGS = NO;
				SWIFT_VERSION = 5.0;
				TARGETED_DEVICE_FAMILY = "1,2";
				TEST_TARGET_NAME = Parstagram;
			};
			name = Debug;
		};
		76BC07E927EE5EDE00134772 /* Release */ = {
			isa = XCBuildConfiguration;
			baseConfigurationReference = E3C17BE818B5E51FFA11694C /* Pods-Parstagram-ParstagramUITests.release.xcconfig */;
			buildSettings = {
				ALWAYS_EMBED_SWIFT_STANDARD_LIBRARIES = YES;
				CODE_SIGN_STYLE = Automatic;
				CURRENT_PROJECT_VERSION = 1;
				DEVELOPMENT_TEAM = 78N5SA532X;
				GENERATE_INFOPLIST_FILE = YES;
				MARKETING_VERSION = 1.0;
				PRODUCT_BUNDLE_IDENTIFIER = com.peizu.ParstagramUITests;
				PRODUCT_NAME = "$(TARGET_NAME)";
				SWIFT_EMIT_LOC_STRINGS = NO;
				SWIFT_VERSION = 5.0;
				TARGETED_DEVICE_FAMILY = "1,2";
				TEST_TARGET_NAME = Parstagram;
			};
			name = Release;
		};
/* End XCBuildConfiguration section */

/* Begin XCConfigurationList section */
		76BC07B227EE5EDB00134772 /* Build configuration list for PBXProject "Parstagram" */ = {
			isa = XCConfigurationList;
			buildConfigurations = (
				76BC07DF27EE5EDE00134772 /* Debug */,
				76BC07E027EE5EDE00134772 /* Release */,
			);
			defaultConfigurationIsVisible = 0;
			defaultConfigurationName = Release;
		};
		76BC07E127EE5EDE00134772 /* Build configuration list for PBXNativeTarget "Parstagram" */ = {
			isa = XCConfigurationList;
			buildConfigurations = (
				76BC07E227EE5EDE00134772 /* Debug */,
				76BC07E327EE5EDE00134772 /* Release */,
			);
			defaultConfigurationIsVisible = 0;
			defaultConfigurationName = Release;
		};
		76BC07E427EE5EDE00134772 /* Build configuration list for PBXNativeTarget "ParstagramTests" */ = {
			isa = XCConfigurationList;
			buildConfigurations = (
				76BC07E527EE5EDE00134772 /* Debug */,
				76BC07E627EE5EDE00134772 /* Release */,
			);
			defaultConfigurationIsVisible = 0;
			defaultConfigurationName = Release;
		};
		76BC07E727EE5EDE00134772 /* Build configuration list for PBXNativeTarget "ParstagramUITests" */ = {
			isa = XCConfigurationList;
			buildConfigurations = (
				76BC07E827EE5EDE00134772 /* Debug */,
				76BC07E927EE5EDE00134772 /* Release */,
			);
			defaultConfigurationIsVisible = 0;
			defaultConfigurationName = Release;
		};
/* End XCConfigurationList section */
	};
	rootObject = 76BC07AF27EE5EDB00134772 /* Project object */;
}
